
Microsoft Visual Studio Solution File, Format Version 12.00
# Visual Studio Version 17
VisualStudioVersion = 17.7.34018.315
MinimumVisualStudioVersion = 10.0.40219.1
Project("{FAE04EC0-301F-11D3-BF4B-00C04F79EFBC}") = "OneToOne_RelationShip", "OneToOne_RelationShip\OneToOne_RelationShip.csproj", "{B0E6BC36-5CF2-41FA-8434-F237F8909153}"
EndProject
Global
	GlobalSection(SolutionConfigurationPlatforms) = preSolution
		Debug|Any CPU = Debug|Any CPU
		Release|Any CPU = Release|Any CPU
	EndGlobalSection
	GlobalSection(ProjectConfigurationPlatforms) = postSolution
		{B0E6BC36-5CF2-41FA-8434-F237F8909153}.Debug|Any CPU.ActiveCfg = Debug|Any CPU
		{B0E6BC36-5CF2-41FA-8434-F237F8909153}.Debug|Any CPU.Build.0 = Debug|Any CPU
		{B0E6BC36-5CF2-41FA-8434-F237F8909153}.Release|Any CPU.ActiveCfg = Release|Any CPU
		{B0E6BC36-5CF2-41FA-8434-F237F8909153}.Release|Any CPU.Build.0 = Release|Any CPU
	EndGlobalSection
	GlobalSection(SolutionProperties) = preSolution
		HideSolutionNode = FALSE
	EndGlobalSection
	GlobalSection(ExtensibilityGlobals) = postSolution
		SolutionGuid = {DFF7821B-81F3-4EC2-A6BB-7392FBAB8C11}
	EndGlobalSection
EndGlobal
