
Microsoft Visual Studio Solution File, Format Version 12.00
# Visual Studio Version 17
VisualStudioVersion = 17.7.34024.191
MinimumVisualStudioVersion = 10.0.40219.1
Project("{9A19103F-16F7-4668-BE54-9A1E7A4F7556}") = "DeletingDataToRelationalTables", "UpdatingDataToRelationalTables\DeletingDataToRelationalTables.csproj", "{46ED272F-5754-4F90-8AB3-596C15C88CBD}"
EndProject
Global
	GlobalSection(SolutionConfigurationPlatforms) = preSolution
		Debug|Any CPU = Debug|Any CPU
		Release|Any CPU = Release|Any CPU
	EndGlobalSection
	GlobalSection(ProjectConfigurationPlatforms) = postSolution
		{46ED272F-5754-4F90-8AB3-596C15C88CBD}.Debug|Any CPU.ActiveCfg = Debug|Any CPU
		{46ED272F-5754-4F90-8AB3-596C15C88CBD}.Debug|Any CPU.Build.0 = Debug|Any CPU
		{46ED272F-5754-4F90-8AB3-596C15C88CBD}.Release|Any CPU.ActiveCfg = Release|Any CPU
		{46ED272F-5754-4F90-8AB3-596C15C88CBD}.Release|Any CPU.Build.0 = Release|Any CPU
	EndGlobalSection
	GlobalSection(SolutionProperties) = preSolution
		HideSolutionNode = FALSE
	EndGlobalSection
	GlobalSection(ExtensibilityGlobals) = postSolution
		SolutionGuid = {693739D9-A337-48F0-AE10-E912105DCA46}
	EndGlobalSection
EndGlobal
