
Microsoft Visual Studio Solution File, Format Version 12.00
# Visual Studio Version 17
VisualStudioVersion = 17.7.34024.191
MinimumVisualStudioVersion = 10.0.40219.1
Project("{FAE04EC0-301F-11D3-BF4B-00C04F79EFBC}") = "DataSeeding", "DataSeeding\DataSeeding.csproj", "{B1FC16A0-ECFB-4738-8328-80B4812B5DF5}"
EndProject
Global
	GlobalSection(SolutionConfigurationPlatforms) = preSolution
		Debug|Any CPU = Debug|Any CPU
		Release|Any CPU = Release|Any CPU
	EndGlobalSection
	GlobalSection(ProjectConfigurationPlatforms) = postSolution
		{B1FC16A0-ECFB-4738-8328-80B4812B5DF5}.Debug|Any CPU.ActiveCfg = Debug|Any CPU
		{B1FC16A0-ECFB-4738-8328-80B4812B5DF5}.Debug|Any CPU.Build.0 = Debug|Any CPU
		{B1FC16A0-ECFB-4738-8328-80B4812B5DF5}.Release|Any CPU.ActiveCfg = Release|Any CPU
		{B1FC16A0-ECFB-4738-8328-80B4812B5DF5}.Release|Any CPU.Build.0 = Release|Any CPU
	EndGlobalSection
	GlobalSection(SolutionProperties) = preSolution
		HideSolutionNode = FALSE
	EndGlobalSection
	GlobalSection(ExtensibilityGlobals) = postSolution
		SolutionGuid = {E18620F8-0971-47F7-8119-D780DE8CFC28}
	EndGlobalSection
EndGlobal
