
Microsoft Visual Studio Solution File, Format Version 12.00
# Visual Studio Version 17
VisualStudioVersion = 17.7.34024.191
MinimumVisualStudioVersion = 10.0.40219.1
Project("{FAE04EC0-301F-11D3-BF4B-00C04F79EFBC}") = "EagerLoading", "EagerLoading\EagerLoading.csproj", "{686A843F-6538-4790-A8B8-F6446B7B0E84}"
EndProject
Global
	GlobalSection(SolutionConfigurationPlatforms) = preSolution
		Debug|Any CPU = Debug|Any CPU
		Release|Any CPU = Release|Any CPU
	EndGlobalSection
	GlobalSection(ProjectConfigurationPlatforms) = postSolution
		{686A843F-6538-4790-A8B8-F6446B7B0E84}.Debug|Any CPU.ActiveCfg = Debug|Any CPU
		{686A843F-6538-4790-A8B8-F6446B7B0E84}.Debug|Any CPU.Build.0 = Debug|Any CPU
		{686A843F-6538-4790-A8B8-F6446B7B0E84}.Release|Any CPU.ActiveCfg = Release|Any CPU
		{686A843F-6538-4790-A8B8-F6446B7B0E84}.Release|Any CPU.Build.0 = Release|Any CPU
	EndGlobalSection
	GlobalSection(SolutionProperties) = preSolution
		HideSolutionNode = FALSE
	EndGlobalSection
	GlobalSection(ExtensibilityGlobals) = postSolution
		SolutionGuid = {66278883-4569-467B-82EB-80296CF17AD1}
	EndGlobalSection
EndGlobal
